// !$*UTF8*$!
{
	archiveVersion = 1;
	classes = {
	};
	objectVersion = 50;
	objects = {

/* Begin PBXBuildFile section */
		A935E24024E27B40001591CB /* AppDelegate.swift in Sources */ = {isa = PBXBuildFile; fileRef = A935E23F24E27B40001591CB /* AppDelegate.swift */; };
		A935E24224E27B40001591CB /* SceneDelegate.swift in Sources */ = {isa = PBXBuildFile; fileRef = A935E24124E27B40001591CB /* SceneDelegate.swift */; };
		A935E24724E27B40001591CB /* Main.storyboard in Resources */ = {isa = PBXBuildFile; fileRef = A935E24524E27B40001591CB /* Main.storyboard */; };
		A935E24924E27B41001591CB /* Assets.xcassets in Resources */ = {isa = PBXBuildFile; fileRef = A935E24824E27B41001591CB /* Assets.xcassets */; };
		A935E24C24E27B41001591CB /* LaunchScreen.storyboard in Resources */ = {isa = PBXBuildFile; fileRef = A935E24A24E27B41001591CB /* LaunchScreen.storyboard */; };
		A935E25E24E280AC001591CB /* LoginViewController.swift in Sources */ = {isa = PBXBuildFile; fileRef = A935E25D24E280AC001591CB /* LoginViewController.swift */; };
		A935E26024E280E8001591CB /* HomeViewController.swift in Sources */ = {isa = PBXBuildFile; fileRef = A935E25F24E280E8001591CB /* HomeViewController.swift */; };
		A935E26224E280FD001591CB /* ImageSelectViewController.swift in Sources */ = {isa = PBXBuildFile; fileRef = A935E26124E280FD001591CB /* ImageSelectViewController.swift */; };
		A935E26424E2810E001591CB /* PostViewController.swift in Sources */ = {isa = PBXBuildFile; fileRef = A935E26324E2810E001591CB /* PostViewController.swift */; };
		A935E26624E2811F001591CB /* SettingViewController.swift in Sources */ = {isa = PBXBuildFile; fileRef = A935E26524E2811F001591CB /* SettingViewController.swift */; };
		A935E26824E2890B001591CB /* TabBarController.swift in Sources */ = {isa = PBXBuildFile; fileRef = A935E26724E2890B001591CB /* TabBarController.swift */; };
		A935E26A24E2916D001591CB /* GoogleService-Info.plist in Resources */ = {isa = PBXBuildFile; fileRef = A935E26924E2916D001591CB /* GoogleService-Info.plist */; };
		CB2D22D1F7556CA6BB7FA09A /* Pods_Instagram.framework in Frameworks */ = {isa = PBXBuildFile; fileRef = 4EAD8DA31EFA4E3FB75FBC50 /* Pods_Instagram.framework */; };
/* End PBXBuildFile section */

/* Begin PBXFileReference section */
		22EDA43CFA140D2D7BB4086B /* Pods-Instagram.release.xcconfig */ = {isa = PBXFileReference; includeInIndex = 1; lastKnownFileType = text.xcconfig; name = "Pods-Instagram.release.xcconfig"; path = "Target Support Files/Pods-Instagram/Pods-Instagram.release.xcconfig"; sourceTree = "<group>"; };
		4EAD8DA31EFA4E3FB75FBC50 /* Pods_Instagram.framework */ = {isa = PBXFileReference; explicitFileType = wrapper.framework; includeInIndex = 0; path = Pods_Instagram.framework; sourceTree = BUILT_PRODUCTS_DIR; };
		87631AF274158AE2830145F2 /* Pods-Instagram.debug.xcconfig */ = {isa = PBXFileReference; includeInIndex = 1; lastKnownFileType = text.xcconfig; name = "Pods-Instagram.debug.xcconfig"; path = "Target Support Files/Pods-Instagram/Pods-Instagram.debug.xcconfig"; sourceTree = "<group>"; };
		A935E23C24E27B40001591CB /* Instagram.app */ = {isa = PBXFileReference; explicitFileType = wrapper.application; includeInIndex = 0; path = Instagram.app; sourceTree = BUILT_PRODUCTS_DIR; };
		A935E23F24E27B40001591CB /* AppDelegate.swift */ = {isa = PBXFileReference; lastKnownFileType = sourcecode.swift; path = AppDelegate.swift; sourceTree = "<group>"; };
		A935E24124E27B40001591CB /* SceneDelegate.swift */ = {isa = PBXFileReference; lastKnownFileType = sourcecode.swift; path = SceneDelegate.swift; sourceTree = "<group>"; };
		A935E24624E27B40001591CB /* Base */ = {isa = PBXFileReference; lastKnownFileType = file.storyboard; name = Base; path = Base.lproj/Main.storyboard; sourceTree = "<group>"; };
		A935E24824E27B41001591CB /* Assets.xcassets */ = {isa = PBXFileReference; lastKnownFileType = folder.assetcatalog; path = Assets.xcassets; sourceTree = "<group>"; };
		A935E24B24E27B41001591CB /* Base */ = {isa = PBXFileReference; lastKnownFileType = file.storyboard; name = Base; path = Base.lproj/LaunchScreen.storyboard; sourceTree = "<group>"; };
		A935E24D24E27B41001591CB /* Info.plist */ = {isa = PBXFileReference; lastKnownFileType = text.plist.xml; path = Info.plist; sourceTree = "<group>"; };
		A935E25D24E280AC001591CB /* LoginViewController.swift */ = {isa = PBXFileReference; lastKnownFileType = sourcecode.swift; path = LoginViewController.swift; sourceTree = "<group>"; };
		A935E25F24E280E8001591CB /* HomeViewController.swift */ = {isa = PBXFileReference; lastKnownFileType = sourcecode.swift; path = HomeViewController.swift; sourceTree = "<group>"; };
		A935E26124E280FD001591CB /* ImageSelectViewController.swift */ = {isa = PBXFileReference; lastKnownFileType = sourcecode.swift; path = ImageSelectViewController.swift; sourceTree = "<group>"; };
		A935E26324E2810E001591CB /* PostViewController.swift */ = {isa = PBXFileReference; lastKnownFileType = sourcecode.swift; path = PostViewController.swift; sourceTree = "<group>"; };
		A935E26524E2811F001591CB /* SettingViewController.swift */ = {isa = PBXFileReference; lastKnownFileType = sourcecode.swift; path = SettingViewController.swift; sourceTree = "<group>"; };
		A935E26724E2890B001591CB /* TabBarController.swift */ = {isa = PBXFileReference; lastKnownFileType = sourcecode.swift; path = TabBarController.swift; sourceTree = "<group>"; };
		A935E26924E2916D001591CB /* GoogleService-Info.plist */ = {isa = PBXFileReference; fileEncoding = 4; lastKnownFileType = text.plist.xml; path = "GoogleService-Info.plist"; sourceTree = "<group>"; };
/* End PBXFileReference section */

/* Begin PBXFrameworksBuildPhase section */
		A935E23924E27B40001591CB /* Frameworks */ = {
			isa = PBXFrameworksBuildPhase;
			buildActionMask = 2147483647;
			files = (
				CB2D22D1F7556CA6BB7FA09A /* Pods_Instagram.framework in Frameworks */,
			);
			runOnlyForDeploymentPostprocessing = 0;
		};
/* End PBXFrameworksBuildPhase section */

/* Begin PBXGroup section */
		A935E23324E27B3F001591CB = {
			isa = PBXGroup;
			children = (
				A935E23E24E27B40001591CB /* Instagram */,
				A935E23D24E27B40001591CB /* Products */,
				B808D71B2E91BCAB233DE30E /* Pods */,
				DB1B1BB8DAD1B92FBBF1FF89 /* Frameworks */,
			);
			sourceTree = "<group>";
		};
		A935E23D24E27B40001591CB /* Products */ = {
			isa = PBXGroup;
			children = (
				A935E23C24E27B40001591CB /* Instagram.app */,
			);
			name = Products;
			sourceTree = "<group>";
		};
		A935E23E24E27B40001591CB /* Instagram */ = {
			isa = PBXGroup;
			children = (
				A935E23F24E27B40001591CB /* AppDelegate.swift */,
				A935E24124E27B40001591CB /* SceneDelegate.swift */,
				A935E25D24E280AC001591CB /* LoginViewController.swift */,
				A935E25F24E280E8001591CB /* HomeViewController.swift */,
				A935E26124E280FD001591CB /* ImageSelectViewController.swift */,
				A935E26324E2810E001591CB /* PostViewController.swift */,
				A935E26524E2811F001591CB /* SettingViewController.swift */,
				A935E26724E2890B001591CB /* TabBarController.swift */,
				A935E24524E27B40001591CB /* Main.storyboard */,
				A935E24824E27B41001591CB /* Assets.xcassets */,
				A935E24A24E27B41001591CB /* LaunchScreen.storyboard */,
				A935E24D24E27B41001591CB /* Info.plist */,
				A935E26924E2916D001591CB /* GoogleService-Info.plist */,
			);
			path = Instagram;
			sourceTree = "<group>";
		};
		B808D71B2E91BCAB233DE30E /* Pods */ = {
			isa = PBXGroup;
			children = (
				87631AF274158AE2830145F2 /* Pods-Instagram.debug.xcconfig */,
				22EDA43CFA140D2D7BB4086B /* Pods-Instagram.release.xcconfig */,
			);
			name = Pods;
			path = Pods;
			sourceTree = "<group>";
		};
		DB1B1BB8DAD1B92FBBF1FF89 /* Frameworks */ = {
			isa = PBXGroup;
			children = (
				4EAD8DA31EFA4E3FB75FBC50 /* Pods_Instagram.framework */,
			);
			name = Frameworks;
			sourceTree = "<group>";
		};
/* End PBXGroup section */

/* Begin PBXNativeTarget section */
		A935E23B24E27B40001591CB /* Instagram */ = {
			isa = PBXNativeTarget;
			buildConfigurationList = A935E25024E27B41001591CB /* Build configuration list for PBXNativeTarget "Instagram" */;
			buildPhases = (
				0532EBF5AF53280F239F0D83 /* [CP] Check Pods Manifest.lock */,
				A935E23824E27B40001591CB /* Sources */,
				A935E23924E27B40001591CB /* Frameworks */,
				A935E23A24E27B40001591CB /* Resources */,
				80DDD42BFCB0619EB5A5B60B /* [CP] Embed Pods Frameworks */,
			);
			buildRules = (
			);
			dependencies = (
			);
			name = Instagram;
			productName = Instagram;
			productReference = A935E23C24E27B40001591CB /* Instagram.app */;
			productType = "com.apple.product-type.application";
		};
/* End PBXNativeTarget section */

/* Begin PBXProject section */
		A935E23424E27B3F001591CB /* Project object */ = {
			isa = PBXProject;
			attributes = {
				LastSwiftUpdateCheck = 1160;
				LastUpgradeCheck = 1160;
				ORGANIZATIONNAME = "Fumio Nishimura";
				TargetAttributes = {
					A935E23B24E27B40001591CB = {
						CreatedOnToolsVersion = 11.6;
					};
				};
			};
			buildConfigurationList = A935E23724E27B3F001591CB /* Build configuration list for PBXProject "Instagram" */;
			compatibilityVersion = "Xcode 9.3";
			developmentRegion = en;
			hasScannedForEncodings = 0;
			knownRegions = (
				en,
				Base,
			);
			mainGroup = A935E23324E27B3F001591CB;
			productRefGroup = A935E23D24E27B40001591CB /* Products */;
			projectDirPath = "";
			projectRoot = "";
			targets = (
				A935E23B24E27B40001591CB /* Instagram */,
			);
		};
/* End PBXProject section */

/* Begin PBXResourcesBuildPhase section */
		A935E23A24E27B40001591CB /* Resources */ = {
			isa = PBXResourcesBuildPhase;
			buildActionMask = 2147483647;
			files = (
				A935E24C24E27B41001591CB /* LaunchScreen.storyboard in Resources */,
				A935E26A24E2916D001591CB /* GoogleService-Info.plist in Resources */,
				A935E24924E27B41001591CB /* Assets.xcassets in Resources */,
				A935E24724E27B40001591CB /* Main.storyboard in Resources */,
			);
			runOnlyForDeploymentPostprocessing = 0;
		};
/* End PBXResourcesBuildPhase section */

/* Begin PBXShellScriptBuildPhase section */
		0532EBF5AF53280F239F0D83 /* [CP] Check Pods Manifest.lock */ = {
			isa = PBXShellScriptBuildPhase;
			buildActionMask = 2147483647;
			files = (
			);
			inputFileListPaths = (
			);
			inputPaths = (
				"${PODS_PODFILE_DIR_PATH}/Podfile.lock",
				"${PODS_ROOT}/Manifest.lock",
			);
			name = "[CP] Check Pods Manifest.lock";
			outputFileListPaths = (
			);
			outputPaths = (
				"$(DERIVED_FILE_DIR)/Pods-Instagram-checkManifestLockResult.txt",
			);
			runOnlyForDeploymentPostprocessing = 0;
			shellPath = /bin/sh;
			shellScript = "diff \"${PODS_PODFILE_DIR_PATH}/Podfile.lock\" \"${PODS_ROOT}/Manifest.lock\" > /dev/null\nif [ $? != 0 ] ; then\n    # print error to STDERR\n    echo \"error: The sandbox is not in sync with the Podfile.lock. Run 'pod install' or update your CocoaPods installation.\" >&2\n    exit 1\nfi\n# This output is used by Xcode 'outputs' to avoid re-running this script phase.\necho \"SUCCESS\" > \"${SCRIPT_OUTPUT_FILE_0}\"\n";
			showEnvVarsInLog = 0;
		};
		80DDD42BFCB0619EB5A5B60B /* [CP] Embed Pods Frameworks */ = {
			isa = PBXShellScriptBuildPhase;
			buildActionMask = 2147483647;
			files = (
			);
			inputFileListPaths = (
				"${PODS_ROOT}/Target Support Files/Pods-Instagram/Pods-Instagram-frameworks-${CONFIGURATION}-input-files.xcfilelist",
			);
			name = "[CP] Embed Pods Frameworks";
			outputFileListPaths = (
				"${PODS_ROOT}/Target Support Files/Pods-Instagram/Pods-Instagram-frameworks-${CONFIGURATION}-output-files.xcfilelist",
			);
			runOnlyForDeploymentPostprocessing = 0;
			shellPath = /bin/sh;
			shellScript = "\"${PODS_ROOT}/Target Support Files/Pods-Instagram/Pods-Instagram-frameworks.sh\"\n";
			showEnvVarsInLog = 0;
		};
/* End PBXShellScriptBuildPhase section */

/* Begin PBXSourcesBuildPhase section */
		A935E23824E27B40001591CB /* Sources */ = {
			isa = PBXSourcesBuildPhase;
			buildActionMask = 2147483647;
			files = (
				A935E26224E280FD001591CB /* ImageSelectViewController.swift in Sources */,
				A935E26824E2890B001591CB /* TabBarController.swift in Sources */,
				A935E26024E280E8001591CB /* HomeViewController.swift in Sources */,
				A935E26424E2810E001591CB /* PostViewController.swift in Sources */,
				A935E26624E2811F001591CB /* SettingViewController.swift in Sources */,
				A935E25E24E280AC001591CB /* LoginViewController.swift in Sources */,
				A935E24024E27B40001591CB /* AppDelegate.swift in Sources */,
				A935E24224E27B40001591CB /* SceneDelegate.swift in Sources */,
			);
			runOnlyForDeploymentPostprocessing = 0;
		};
/* End PBXSourcesBuildPhase section */

/* Begin PBXVariantGroup section */
		A935E24524E27B40001591CB /* Main.storyboard */ = {
			isa = PBXVariantGroup;
			children = (
				A935E24624E27B40001591CB /* Base */,
			);
			name = Main.storyboard;
			sourceTree = "<group>";
		};
		A935E24A24E27B41001591CB /* LaunchScreen.storyboard */ = {
			isa = PBXVariantGroup;
			children = (
				A935E24B24E27B41001591CB /* Base */,
			);
			name = LaunchScreen.storyboard;
			sourceTree = "<group>";
		};
/* End PBXVariantGroup section */

/* Begin XCBuildConfiguration section */
		A935E24E24E27B41001591CB /* Debug */ = {
			isa = XCBuildConfiguration;
			buildSettings = {
				ALWAYS_SEARCH_USER_PATHS = NO;
				CLANG_ANALYZER_NONNULL = YES;
				CLANG_ANALYZER_NUMBER_OBJECT_CONVERSION = YES_AGGRESSIVE;
				CLANG_CXX_LANGUAGE_STANDARD = "gnu++14";
				CLANG_CXX_LIBRARY = "libc++";
				CLANG_ENABLE_MODULES = YES;
				CLANG_ENABLE_OBJC_ARC = YES;
				CLANG_ENABLE_OBJC_WEAK = YES;
				CLANG_WARN_BLOCK_CAPTURE_AUTORELEASING = YES;
				CLANG_WARN_BOOL_CONVERSION = YES;
				CLANG_WARN_COMMA = YES;
				CLANG_WARN_CONSTANT_CONVERSION = YES;
				CLANG_WARN_DEPRECATED_OBJC_IMPLEMENTATIONS = YES;
				CLANG_WARN_DIRECT_OBJC_ISA_USAGE = YES_ERROR;
				CLANG_WARN_DOCUMENTATION_COMMENTS = YES;
				CLANG_WARN_EMPTY_BODY = YES;
				CLANG_WARN_ENUM_CONVERSION = YES;
				CLANG_WARN_INFINITE_RECURSION = YES;
				CLANG_WARN_INT_CONVERSION = YES;
				CLANG_WARN_NON_LITERAL_NULL_CONVERSION = YES;
				CLANG_WARN_OBJC_IMPLICIT_RETAIN_SELF = YES;
				CLANG_WARN_OBJC_LITERAL_CONVERSION = YES;
				CLANG_WARN_OBJC_ROOT_CLASS = YES_ERROR;
				CLANG_WARN_RANGE_LOOP_ANALYSIS = YES;
				CLANG_WARN_STRICT_PROTOTYPES = YES;
				CLANG_WARN_SUSPICIOUS_MOVE = YES;
				CLANG_WARN_UNGUARDED_AVAILABILITY = YES_AGGRESSIVE;
				CLANG_WARN_UNREACHABLE_CODE = YES;
				CLANG_WARN__DUPLICATE_METHOD_MATCH = YES;
				COPY_PHASE_STRIP = NO;
				DEBUG_INFORMATION_FORMAT = dwarf;
				ENABLE_STRICT_OBJC_MSGSEND = YES;
				ENABLE_TESTABILITY = YES;
				GCC_C_LANGUAGE_STANDARD = gnu11;
				GCC_DYNAMIC_NO_PIC = NO;
				GCC_NO_COMMON_BLOCKS = YES;
				GCC_OPTIMIZATION_LEVEL = 0;
				GCC_PREPROCESSOR_DEFINITIONS = (
					"DEBUG=1",
					"$(inherited)",
				);
				GCC_WARN_64_TO_32_BIT_CONVERSION = YES;
				GCC_WARN_ABOUT_RETURN_TYPE = YES_ERROR;
				GCC_WARN_UNDECLARED_SELECTOR = YES;
				GCC_WARN_UNINITIALIZED_AUTOS = YES_AGGRESSIVE;
				GCC_WARN_UNUSED_FUNCTION = YES;
				GCC_WARN_UNUSED_VARIABLE = YES;
				IPHONEOS_DEPLOYMENT_TARGET = 13.6;
				MTL_ENABLE_DEBUG_INFO = INCLUDE_SOURCE;
				MTL_FAST_MATH = YES;
				ONLY_ACTIVE_ARCH = YES;
				SDKROOT = iphoneos;
				SWIFT_ACTIVE_COMPILATION_CONDITIONS = DEBUG;
				SWIFT_OPTIMIZATION_LEVEL = "-Onone";
			};
			name = Debug;
		};
		A935E24F24E27B41001591CB /* Release */ = {
			isa = XCBuildConfiguration;
			buildSettings = {
				ALWAYS_SEARCH_USER_PATHS = NO;
				CLANG_ANALYZER_NONNULL = YES;
				CLANG_ANALYZER_NUMBER_OBJECT_CONVERSION = YES_AGGRESSIVE;
				CLANG_CXX_LANGUAGE_STANDARD = "gnu++14";
				CLANG_CXX_LIBRARY = "libc++";
				CLANG_ENABLE_MODULES = YES;
				CLANG_ENABLE_OBJC_ARC = YES;
				CLANG_ENABLE_OBJC_WEAK = YES;
				CLANG_WARN_BLOCK_CAPTURE_AUTORELEASING = YES;
				CLANG_WARN_BOOL_CONVERSION = YES;
				CLANG_WARN_COMMA = YES;
				CLANG_WARN_CONSTANT_CONVERSION = YES;
				CLANG_WARN_DEPRECATED_OBJC_IMPLEMENTATIONS = YES;
				CLANG_WARN_DIRECT_OBJC_ISA_USAGE = YES_ERROR;
				CLANG_WARN_DOCUMENTATION_COMMENTS = YES;
				CLANG_WARN_EMPTY_BODY = YES;
				CLANG_WARN_ENUM_CONVERSION = YES;
				CLANG_WARN_INFINITE_RECURSION = YES;
				CLANG_WARN_INT_CONVERSION = YES;
				CLANG_WARN_NON_LITERAL_NULL_CONVERSION = YES;
				CLANG_WARN_OBJC_IMPLICIT_RETAIN_SELF = YES;
				CLANG_WARN_OBJC_LITERAL_CONVERSION = YES;
				CLANG_WARN_OBJC_ROOT_CLASS = YES_ERROR;
				CLANG_WARN_RANGE_LOOP_ANALYSIS = YES;
				CLANG_WARN_STRICT_PROTOTYPES = YES;
				CLANG_WARN_SUSPICIOUS_MOVE = YES;
				CLANG_WARN_UNGUARDED_AVAILABILITY = YES_AGGRESSIVE;
				CLANG_WARN_UNREACHABLE_CODE = YES;
				CLANG_WARN__DUPLICATE_METHOD_MATCH = YES;
				COPY_PHASE_STRIP = NO;
				DEBUG_INFORMATION_FORMAT = "dwarf-with-dsym";
				ENABLE_NS_ASSERTIONS = NO;
				ENABLE_STRICT_OBJC_MSGSEND = YES;
				GCC_C_LANGUAGE_STANDARD = gnu11;
				GCC_NO_COMMON_BLOCKS = YES;
				GCC_WARN_64_TO_32_BIT_CONVERSION = YES;
				GCC_WARN_ABOUT_RETURN_TYPE = YES_ERROR;
				GCC_WARN_UNDECLARED_SELECTOR = YES;
				GCC_WARN_UNINITIALIZED_AUTOS = YES_AGGRESSIVE;
				GCC_WARN_UNUSED_FUNCTION = YES;
				GCC_WARN_UNUSED_VARIABLE = YES;
				IPHONEOS_DEPLOYMENT_TARGET = 13.6;
				MTL_ENABLE_DEBUG_INFO = NO;
				MTL_FAST_MATH = YES;
				SDKROOT = iphoneos;
				SWIFT_COMPILATION_MODE = wholemodule;
				SWIFT_OPTIMIZATION_LEVEL = "-O";
				VALIDATE_PRODUCT = YES;
			};
			name = Release;
		};
		A935E25124E27B41001591CB /* Debug */ = {
			isa = XCBuildConfiguration;
			baseConfigurationReference = 87631AF274158AE2830145F2 /* Pods-Instagram.debug.xcconfig */;
			buildSettings = {
				ASSETCATALOG_COMPILER_APPICON_NAME = AppIcon;
				CODE_SIGN_STYLE = Automatic;
				DEVELOPMENT_TEAM = C689XNCUTT;
				INFOPLIST_FILE = Instagram/Info.plist;
				LD_RUNPATH_SEARCH_PATHS = (
					"$(inherited)",
					"@executable_path/Frameworks",
				);
				PRODUCT_BUNDLE_IDENTIFIER = jp.techacademy.fumio.nishimura.Instagram;
				PRODUCT_NAME = "$(TARGET_NAME)";
				SWIFT_VERSION = 5.0;
				TARGETED_DEVICE_FAMILY = 1;
			};
			name = Debug;
		};
		A935E25224E27B41001591CB /* Release */ = {
			isa = XCBuildConfiguration;
			baseConfigurationReference = 22EDA43CFA140D2D7BB4086B /* Pods-Instagram.release.xcconfig */;
			buildSettings = {
				ASSETCATALOG_COMPILER_APPICON_NAME = AppIcon;
				CODE_SIGN_STYLE = Automatic;
				DEVELOPMENT_TEAM = C689XNCUTT;
				INFOPLIST_FILE = Instagram/Info.plist;
				LD_RUNPATH_SEARCH_PATHS = (
					"$(inherited)",
					"@executable_path/Frameworks",
				);
				PRODUCT_BUNDLE_IDENTIFIER = jp.techacademy.fumio.nishimura.Instagram;
				PRODUCT_NAME = "$(TARGET_NAME)";
				SWIFT_VERSION = 5.0;
				TARGETED_DEVICE_FAMILY = 1;
			};
			name = Release;
		};
/* End XCBuildConfiguration section */

/* Begin XCConfigurationList section */
		A935E23724E27B3F001591CB /* Build configuration list for PBXProject "Instagram" */ = {
			isa = XCConfigurationList;
			buildConfigurations = (
				A935E24E24E27B41001591CB /* Debug */,
				A935E24F24E27B41001591CB /* Release */,
			);
			defaultConfigurationIsVisible = 0;
			defaultConfigurationName = Release;
		};
		A935E25024E27B41001591CB /* Build configuration list for PBXNativeTarget "Instagram" */ = {
			isa = XCConfigurationList;
			buildConfigurations = (
				A935E25124E27B41001591CB /* Debug */,
				A935E25224E27B41001591CB /* Release */,
			);
			defaultConfigurationIsVisible = 0;
			defaultConfigurationName = Release;
		};
/* End XCConfigurationList section */
	};
	rootObject = A935E23424E27B3F001591CB /* Project object */;
}
